
Microsoft Visual Studio Solution File, Format Version 12.00
# Visual Studio Version 17
VisualStudioVersion = 17.2.32630.192
MinimumVisualStudioVersion = 10.0.40219.1
Project("{9A19103F-16F7-4668-BE54-9A1E7A4F7556}") = "R5T.T0157.Construction", "R5T.T0157.Construction\R5T.T0157.Construction.csproj", "{2289F4F5-3045-473F-8C45-6E58232BA94A}"
EndProject
Project("{9A19103F-16F7-4668-BE54-9A1E7A4F7556}") = "R5T.T0157", "R5T.T0157\R5T.T0157.csproj", "{D737F6AD-E83E-4588-BC81-EB1CE1219363}"
EndProject
Global
	GlobalSection(SolutionConfigurationPlatforms) = preSolution
		Debug|Any CPU = Debug|Any CPU
		Release|Any CPU = Release|Any CPU
	EndGlobalSection
	GlobalSection(ProjectConfigurationPlatforms) = postSolution
		{2289F4F5-3045-473F-8C45-6E58232BA94A}.Debug|Any CPU.ActiveCfg = Debug|Any CPU
		{2289F4F5-3045-473F-8C45-6E58232BA94A}.Debug|Any CPU.Build.0 = Debug|Any CPU
		{2289F4F5-3045-473F-8C45-6E58232BA94A}.Release|Any CPU.ActiveCfg = Release|Any CPU
		{2289F4F5-3045-473F-8C45-6E58232BA94A}.Release|Any CPU.Build.0 = Release|Any CPU
		{D737F6AD-E83E-4588-BC81-EB1CE1219363}.Debug|Any CPU.ActiveCfg = Debug|Any CPU
		{D737F6AD-E83E-4588-BC81-EB1CE1219363}.Debug|Any CPU.Build.0 = Debug|Any CPU
		{D737F6AD-E83E-4588-BC81-EB1CE1219363}.Release|Any CPU.ActiveCfg = Release|Any CPU
		{D737F6AD-E83E-4588-BC81-EB1CE1219363}.Release|Any CPU.Build.0 = Release|Any CPU
	EndGlobalSection
	GlobalSection(SolutionProperties) = preSolution
		HideSolutionNode = FALSE
	EndGlobalSection
	GlobalSection(ExtensibilityGlobals) = postSolution
		SolutionGuid = {10134120-0F53-4EAB-8E86-734D15C9C37C}
	EndGlobalSection
EndGlobal
